<?xml version="1.0" encoding="utf-8"?>
<Project ToolsVersion="4.0" xmlns="http://schemas.microsoft.com/developer/msbuild/2003">
  <ItemGroup>
    <FxCompile Include="VS_Model.hlsl" />
  </ItemGroup>
  <ItemGroup>
    <ClCompile Include="BackShadow.cpp" />
    <ClCompile Include="camera.cpp" />
    <ClCompile Include="CameraBase.cpp" />
    <ClCompile Include="CameraDebug.cpp" />
    <ClCompile Include="CameraObject.cpp" />
    <ClCompile Include="CameraShadow.cpp" />
    <ClCompile Include="Coin.cpp" />
    <ClCompile Include="CoinCntUI.cpp" />
    <ClCompile Include="col.cpp" />
    <ClCompile Include="Collision.cpp" />
    <ClCompile Include="DirectX.cpp" />
    <ClCompile Include="GameObject.cpp" />
    <ClCompile Include="Gamepad.cpp" />
    <ClCompile Include="Goal.cpp" />
    <ClCompile Include="HCollision.cpp" />
    <ClCompile Include="Input.cpp" />
    <ClCompile Include="ItemUI.cpp" />
    <ClCompile Include="Lever.cpp" />
    <ClCompile Include="LibEffekseer.cpp" />
    <ClCompile Include="Lift_Obj.cpp" />
    <ClCompile Include="MeshBuffer.cpp" />
    <ClCompile Include="Geometory.cpp" />
    <ClCompile Include="Main.cpp" />
    <ClCompile Include="Model.cpp" />
    <ClCompile Include="Object.cpp" />
    <ClCompile Include="ObjectManager.cpp" />
    <ClCompile Include="Player.cpp" />
    <ClCompile Include="SceneManager.cpp" />
    <ClCompile Include="Screen.cpp" />
    <ClCompile Include="Shader.cpp" />
    <ClCompile Include="ShaderList.cpp" />
    <ClCompile Include="ShadowP.cpp" />
    <ClCompile Include="Soundtest.cpp" />
    <ClCompile Include="Sprite.cpp" />
    <ClCompile Include="Startup.cpp" />
    <ClCompile Include="Texture.cpp" />
    <ClCompile Include="SceneGame.cpp" />
    <ClCompile Include="yuka.cpp" />
    <ClCompile Include="_geometory.cpp" />
    <ClCompile Include="_model.cpp" />
    <ClCompile Include="Curtain.cpp" />
  </ItemGroup>
  <ItemGroup>
    <ClInclude Include="BackShadow.h" />
    <ClInclude Include="Coin.h" />
    <ClInclude Include="CoinCntUI.h" />
    <ClInclude Include="Goal.h" />
    <ClInclude Include="ItemUI.h" />
    <ClInclude Include="Objectcamera.h" />
    <ClInclude Include="CameraBase.h" />
    <ClInclude Include="CameraDebug.h" />
    <ClInclude Include="CameraObject.h" />
    <ClInclude Include="CameraShadow.h" />
    <ClInclude Include="col.h" />
    <ClInclude Include="Collision.h" />
    <ClInclude Include="Defines.h" />
    <ClInclude Include="DirectX.h" />
    <ClInclude Include="GameObject.h" />
    <ClInclude Include="Gamepad.h" />
    <ClInclude Include="HCollision.h" />
    <ClInclude Include="Input.h" />
    <ClInclude Include="Lever.h" />
    <ClInclude Include="LibEffekseer.h" />
    <ClInclude Include="Lift_Obj.hpp" />
    <ClInclude Include="MeshBuffer.h" />
    <ClInclude Include="Geometory.h" />
    <ClInclude Include="Main.h" />
    <ClInclude Include="Model.h" />
    <ClInclude Include="Object.h" />
    <ClInclude Include="ObjectManager.h" />
    <ClInclude Include="Player.h" />
    <ClInclude Include="SceneGame.h" />
    <ClInclude Include="SceneManager.hpp" />
    <ClInclude Include="Screen.h" />
    <ClInclude Include="Shader.h" />
    <ClInclude Include="ShaderList.h" />
    <ClInclude Include="ShadowP.h" />
    <ClInclude Include="Soundtest.h" />
    <ClInclude Include="Sprite.h" />
    <ClInclude Include="Texture.h" />
    <ClInclude Include="yuka.h" />
    <ClInclude Include="Curtain.h" />
  </ItemGroup>
</Project>